// !$*UTF8*$!
{
	archiveVersion = 1;
	classes = {
	};
	objectVersion = 50;
	objects = {

/* Begin PBXBuildFile section */
		C434F3FB22A35C7600ADC2CF /* Form.Wrapped.Sequence.swift in Sources */ = {isa = PBXBuildFile; fileRef = C434F3FA22A35C7600ADC2CF /* Form.Wrapped.Sequence.swift */; };
		C434F3FD22A369DE00ADC2CF /* Form.Array+Extensions.swift in Sources */ = {isa = PBXBuildFile; fileRef = C434F3FC22A369DE00ADC2CF /* Form.Array+Extensions.swift */; };
		C434F40022A370BD00ADC2CF /* Form.Number.Operator.swift in Sources */ = {isa = PBXBuildFile; fileRef = C434F3FF22A370BD00ADC2CF /* Form.Number.Operator.swift */; };
		C434F40222A370D300ADC2CF /* Form.MinMax.Operator.swift in Sources */ = {isa = PBXBuildFile; fileRef = C434F40122A370D300ADC2CF /* Form.MinMax.Operator.swift */; };
		C434F40422A46BF800ADC2CF /* Form.Sequence+Extensions.swift in Sources */ = {isa = PBXBuildFile; fileRef = C434F40322A46BF800ADC2CF /* Form.Sequence+Extensions.swift */; };
		C434F40622A49FF700ADC2CF /* Form.Float.Operator.swift in Sources */ = {isa = PBXBuildFile; fileRef = C434F40522A49FF700ADC2CF /* Form.Float.Operator.swift */; };
		C46C5CCA2297A613000FEED7 /* Form.h in Headers */ = {isa = PBXBuildFile; fileRef = C46C5CC82297A613000FEED7 /* Form.h */; settings = {ATTRIBUTES = (Public, ); }; };
		C46C5CE02297B1AF000FEED7 /* Form.Float+Extensions.swift in Sources */ = {isa = PBXBuildFile; fileRef = C46C5CDF2297B1AF000FEED7 /* Form.Float+Extensions.swift */; };
		C46C5CE6229CB736000FEED7 /* Form.Number.swift in Sources */ = {isa = PBXBuildFile; fileRef = C46C5CE5229CB736000FEED7 /* Form.Number.swift */; };
		C46C5CE8229CBC29000FEED7 /* Form.OrElse.swift in Sources */ = {isa = PBXBuildFile; fileRef = C46C5CE7229CBC29000FEED7 /* Form.OrElse.swift */; };
		C46C5CEA229CBC44000FEED7 /* Form.Numbered.swift in Sources */ = {isa = PBXBuildFile; fileRef = C46C5CE9229CBC44000FEED7 /* Form.Numbered.swift */; };
		C46C5CEC229CBC54000FEED7 /* Form.WithDefaultValue.swift in Sources */ = {isa = PBXBuildFile; fileRef = C46C5CEB229CBC54000FEED7 /* Form.WithDefaultValue.swift */; };
		C46C5CEE229CBC6F000FEED7 /* Form.MinMax.swift in Sources */ = {isa = PBXBuildFile; fileRef = C46C5CED229CBC6F000FEED7 /* Form.MinMax.swift */; };
		C46C5CF0229CBF91000FEED7 /* Form.Operation.swift in Sources */ = {isa = PBXBuildFile; fileRef = C46C5CEF229CBF91000FEED7 /* Form.Operation.swift */; };
		C46C5CF4229CC1C8000FEED7 /* Form.Rect.swift in Sources */ = {isa = PBXBuildFile; fileRef = C46C5CF3229CC1C8000FEED7 /* Form.Rect.swift */; };
		C46C5CF6229CC2BB000FEED7 /* Form.Size.swift in Sources */ = {isa = PBXBuildFile; fileRef = C46C5CF5229CC2BB000FEED7 /* Form.Size.swift */; };
		C46C5CF8229CC3C4000FEED7 /* Form.Point.swift in Sources */ = {isa = PBXBuildFile; fileRef = C46C5CF7229CC3C4000FEED7 /* Form.Point.swift */; };
		C46C5CFB229CC548000FEED7 /* Form.AlignItems.swift in Sources */ = {isa = PBXBuildFile; fileRef = C46C5CFA229CC548000FEED7 /* Form.AlignItems.swift */; };
		C46C5CFD229CC589000FEED7 /* Form.AlignSelf.swift in Sources */ = {isa = PBXBuildFile; fileRef = C46C5CFC229CC589000FEED7 /* Form.AlignSelf.swift */; };
		C46C5CFF229CC5B7000FEED7 /* Form.AlignContent.swift in Sources */ = {isa = PBXBuildFile; fileRef = C46C5CFE229CC5B7000FEED7 /* Form.AlignContent.swift */; };
		C46C5D01229CC5DF000FEED7 /* Form.Direction.swift in Sources */ = {isa = PBXBuildFile; fileRef = C46C5D00229CC5DF000FEED7 /* Form.Direction.swift */; };
		C46C5D03229CC62A000FEED7 /* Form.Display.swift in Sources */ = {isa = PBXBuildFile; fileRef = C46C5D02229CC62A000FEED7 /* Form.Display.swift */; };
		C46C5D05229CC666000FEED7 /* Form.FlexDirection.swift in Sources */ = {isa = PBXBuildFile; fileRef = C46C5D04229CC666000FEED7 /* Form.FlexDirection.swift */; };
		C46C5D07229CC6D5000FEED7 /* Form.JustifyContent.swift in Sources */ = {isa = PBXBuildFile; fileRef = C46C5D06229CC6D5000FEED7 /* Form.JustifyContent.swift */; };
		C46C5D09229CC708000FEED7 /* Form.Overflow.swift in Sources */ = {isa = PBXBuildFile; fileRef = C46C5D08229CC708000FEED7 /* Form.Overflow.swift */; };
		C46C5D0B229CC728000FEED7 /* Form.PositionType.swift in Sources */ = {isa = PBXBuildFile; fileRef = C46C5D0A229CC728000FEED7 /* Form.PositionType.swift */; };
		C46C5D0D229CC74F000FEED7 /* Form.FlexWrap.swift in Sources */ = {isa = PBXBuildFile; fileRef = C46C5D0C229CC74F000FEED7 /* Form.FlexWrap.swift */; };
		C46C5D0F229CC794000FEED7 /* Form.Dimension.swift in Sources */ = {isa = PBXBuildFile; fileRef = C46C5D0E229CC794000FEED7 /* Form.Dimension.swift */; };
		C46C5D11229CC919000FEED7 /* Form.Dimension+Rect.swift in Sources */ = {isa = PBXBuildFile; fileRef = C46C5D10229CC919000FEED7 /* Form.Dimension+Rect.swift */; };
		C46C5D13229CCA26000FEED7 /* Form.Dimension+Size.swift in Sources */ = {isa = PBXBuildFile; fileRef = C46C5D12229CCA26000FEED7 /* Form.Dimension+Size.swift */; };
		C46C5D15229CCA8D000FEED7 /* Form.Style.swift in Sources */ = {isa = PBXBuildFile; fileRef = C46C5D14229CCA8D000FEED7 /* Form.Style.swift */; };
		C46C5D18229CCE29000FEED7 /* Form.Result.swift in Sources */ = {isa = PBXBuildFile; fileRef = C46C5D17229CCE29000FEED7 /* Form.Result.swift */; };
		C46C5D1B229CCEE2000FEED7 /* Form.Layout.swift in Sources */ = {isa = PBXBuildFile; fileRef = C46C5D1A229CCEE2000FEED7 /* Form.Layout.swift */; };
		C46C5D1D229CCF32000FEED7 /* Form.Cache.swift in Sources */ = {isa = PBXBuildFile; fileRef = C46C5D1C229CCF32000FEED7 /* Form.Cache.swift */; };
		C46C5D22229CD12E000FEED7 /* Form.Function.swift in Sources */ = {isa = PBXBuildFile; fileRef = C46C5D21229CD12E000FEED7 /* Form.Function.swift */; };
		C46C5D24229CD18A000FEED7 /* Form.MeasureFunc.swift in Sources */ = {isa = PBXBuildFile; fileRef = C46C5D23229CD18A000FEED7 /* Form.MeasureFunc.swift */; };
		C46C5D26229CD2BD000FEED7 /* Form.Internal.Node.swift in Sources */ = {isa = PBXBuildFile; fileRef = C46C5D25229CD2BD000FEED7 /* Form.Internal.Node.swift */; };
		C46C5D29229CD469000FEED7 /* Form.Weak.swift in Sources */ = {isa = PBXBuildFile; fileRef = C46C5D28229CD469000FEED7 /* Form.Weak.swift */; };
		C46C5D2B229CD655000FEED7 /* Form.Node.swift in Sources */ = {isa = PBXBuildFile; fileRef = C46C5D2A229CD655000FEED7 /* Form.Node.swift */; };
		C46C5D2D229CE376000FEED7 /* Form.Box.swift in Sources */ = {isa = PBXBuildFile; fileRef = C46C5D2C229CE376000FEED7 /* Form.Box.swift */; };
		C46C5D2F229CED5C000FEED7 /* Form.Magma.swift in Sources */ = {isa = PBXBuildFile; fileRef = C46C5D2E229CED5C000FEED7 /* Form.Magma.swift */; };
		C46C5D31229CED7B000FEED7 /* Form.Semigroup.swift in Sources */ = {isa = PBXBuildFile; fileRef = C46C5D30229CED7B000FEED7 /* Form.Semigroup.swift */; };
		C46C5D33229CED8B000FEED7 /* Form.Monoid.swift in Sources */ = {isa = PBXBuildFile; fileRef = C46C5D32229CED8B000FEED7 /* Form.Monoid.swift */; };
		C46C5D35229CEDCD000FEED7 /* Form.Magma.Operator.swift in Sources */ = {isa = PBXBuildFile; fileRef = C46C5D34229CEDCD000FEED7 /* Form.Magma.Operator.swift */; };
		C46C5D37229D06F6000FEED7 /* Form.Compute.Result.swift in Sources */ = {isa = PBXBuildFile; fileRef = C46C5D36229D06F6000FEED7 /* Form.Compute.Result.swift */; };
		C46C5D39229D084A000FEED7 /* Form.Flex.Item.swift in Sources */ = {isa = PBXBuildFile; fileRef = C46C5D38229D084A000FEED7 /* Form.Flex.Item.swift */; };
		C46C5D3B229D0935000FEED7 /* Form.Flex.Line.swift in Sources */ = {isa = PBXBuildFile; fileRef = C46C5D3A229D0935000FEED7 /* Form.Flex.Line.swift */; };
		C46C5D3D229D0965000FEED7 /* Form.Compute.swift in Sources */ = {isa = PBXBuildFile; fileRef = C46C5D3C229D0965000FEED7 /* Form.Compute.swift */; };
		C46C5D46229D2AFF000FEED7 /* AppDelegate.swift in Sources */ = {isa = PBXBuildFile; fileRef = C46C5D45229D2AFF000FEED7 /* AppDelegate.swift */; };
		C46C5D48229D2AFF000FEED7 /* ViewController.swift in Sources */ = {isa = PBXBuildFile; fileRef = C46C5D47229D2AFF000FEED7 /* ViewController.swift */; };
		C46C5D4B229D2AFF000FEED7 /* Main.storyboard in Resources */ = {isa = PBXBuildFile; fileRef = C46C5D49229D2AFF000FEED7 /* Main.storyboard */; };
		C46C5D4D229D2B01000FEED7 /* Assets.xcassets in Resources */ = {isa = PBXBuildFile; fileRef = C46C5D4C229D2B01000FEED7 /* Assets.xcassets */; };
		C46C5D50229D2B01000FEED7 /* LaunchScreen.storyboard in Resources */ = {isa = PBXBuildFile; fileRef = C46C5D4E229D2B01000FEED7 /* LaunchScreen.storyboard */; };
		C46C5D59229D2D69000FEED7 /* Form.API.swift in Sources */ = {isa = PBXBuildFile; fileRef = C46C5D58229D2D69000FEED7 /* Form.API.swift */; };
/* End PBXBuildFile section */

/* Begin PBXContainerItemProxy section */
		C46C5D55229D2B1C000FEED7 /* PBXContainerItemProxy */ = {
			isa = PBXContainerItemProxy;
			containerPortal = C46C5CBC2297A613000FEED7 /* Project object */;
			proxyType = 1;
			remoteGlobalIDString = C46C5CC42297A613000FEED7;
			remoteInfo = Form;
		};
/* End PBXContainerItemProxy section */

/* Begin PBXFileReference section */
		C434F3FA22A35C7600ADC2CF /* Form.Wrapped.Sequence.swift */ = {isa = PBXFileReference; lastKnownFileType = sourcecode.swift; path = Form.Wrapped.Sequence.swift; sourceTree = "<group>"; };
		C434F3FC22A369DE00ADC2CF /* Form.Array+Extensions.swift */ = {isa = PBXFileReference; lastKnownFileType = sourcecode.swift; path = "Form.Array+Extensions.swift"; sourceTree = "<group>"; };
		C434F3FF22A370BD00ADC2CF /* Form.Number.Operator.swift */ = {isa = PBXFileReference; lastKnownFileType = sourcecode.swift; path = Form.Number.Operator.swift; sourceTree = "<group>"; };
		C434F40122A370D300ADC2CF /* Form.MinMax.Operator.swift */ = {isa = PBXFileReference; lastKnownFileType = sourcecode.swift; path = Form.MinMax.Operator.swift; sourceTree = "<group>"; };
		C434F40322A46BF800ADC2CF /* Form.Sequence+Extensions.swift */ = {isa = PBXFileReference; lastKnownFileType = sourcecode.swift; path = "Form.Sequence+Extensions.swift"; sourceTree = "<group>"; };
		C434F40522A49FF700ADC2CF /* Form.Float.Operator.swift */ = {isa = PBXFileReference; lastKnownFileType = sourcecode.swift; path = Form.Float.Operator.swift; sourceTree = "<group>"; };
		C46C5CC52297A613000FEED7 /* Form.framework */ = {isa = PBXFileReference; explicitFileType = wrapper.framework; includeInIndex = 0; path = Form.framework; sourceTree = BUILT_PRODUCTS_DIR; };
		C46C5CC82297A613000FEED7 /* Form.h */ = {isa = PBXFileReference; lastKnownFileType = sourcecode.c.h; path = Form.h; sourceTree = "<group>"; };
		C46C5CC92297A613000FEED7 /* Info.plist */ = {isa = PBXFileReference; lastKnownFileType = text.plist.xml; path = Info.plist; sourceTree = "<group>"; };
		C46C5CDF2297B1AF000FEED7 /* Form.Float+Extensions.swift */ = {isa = PBXFileReference; lastKnownFileType = sourcecode.swift; path = "Form.Float+Extensions.swift"; sourceTree = "<group>"; };
		C46C5CE5229CB736000FEED7 /* Form.Number.swift */ = {isa = PBXFileReference; lastKnownFileType = sourcecode.swift; path = Form.Number.swift; sourceTree = "<group>"; };
		C46C5CE7229CBC29000FEED7 /* Form.OrElse.swift */ = {isa = PBXFileReference; lastKnownFileType = sourcecode.swift; path = Form.OrElse.swift; sourceTree = "<group>"; };
		C46C5CE9229CBC44000FEED7 /* Form.Numbered.swift */ = {isa = PBXFileReference; lastKnownFileType = sourcecode.swift; path = Form.Numbered.swift; sourceTree = "<group>"; };
		C46C5CEB229CBC54000FEED7 /* Form.WithDefaultValue.swift */ = {isa = PBXFileReference; lastKnownFileType = sourcecode.swift; path = Form.WithDefaultValue.swift; sourceTree = "<group>"; };
		C46C5CED229CBC6F000FEED7 /* Form.MinMax.swift */ = {isa = PBXFileReference; lastKnownFileType = sourcecode.swift; path = Form.MinMax.swift; sourceTree = "<group>"; };
		C46C5CEF229CBF91000FEED7 /* Form.Operation.swift */ = {isa = PBXFileReference; lastKnownFileType = sourcecode.swift; path = Form.Operation.swift; sourceTree = "<group>"; };
		C46C5CF3229CC1C8000FEED7 /* Form.Rect.swift */ = {isa = PBXFileReference; lastKnownFileType = sourcecode.swift; path = Form.Rect.swift; sourceTree = "<group>"; };
		C46C5CF5229CC2BB000FEED7 /* Form.Size.swift */ = {isa = PBXFileReference; lastKnownFileType = sourcecode.swift; path = Form.Size.swift; sourceTree = "<group>"; };
		C46C5CF7229CC3C4000FEED7 /* Form.Point.swift */ = {isa = PBXFileReference; lastKnownFileType = sourcecode.swift; path = Form.Point.swift; sourceTree = "<group>"; };
		C46C5CFA229CC548000FEED7 /* Form.AlignItems.swift */ = {isa = PBXFileReference; lastKnownFileType = sourcecode.swift; path = Form.AlignItems.swift; sourceTree = "<group>"; };
		C46C5CFC229CC589000FEED7 /* Form.AlignSelf.swift */ = {isa = PBXFileReference; lastKnownFileType = sourcecode.swift; path = Form.AlignSelf.swift; sourceTree = "<group>"; };
		C46C5CFE229CC5B7000FEED7 /* Form.AlignContent.swift */ = {isa = PBXFileReference; lastKnownFileType = sourcecode.swift; path = Form.AlignContent.swift; sourceTree = "<group>"; };
		C46C5D00229CC5DF000FEED7 /* Form.Direction.swift */ = {isa = PBXFileReference; lastKnownFileType = sourcecode.swift; path = Form.Direction.swift; sourceTree = "<group>"; };
		C46C5D02229CC62A000FEED7 /* Form.Display.swift */ = {isa = PBXFileReference; lastKnownFileType = sourcecode.swift; path = Form.Display.swift; sourceTree = "<group>"; };
		C46C5D04229CC666000FEED7 /* Form.FlexDirection.swift */ = {isa = PBXFileReference; lastKnownFileType = sourcecode.swift; path = Form.FlexDirection.swift; sourceTree = "<group>"; };
		C46C5D06229CC6D5000FEED7 /* Form.JustifyContent.swift */ = {isa = PBXFileReference; lastKnownFileType = sourcecode.swift; path = Form.JustifyContent.swift; sourceTree = "<group>"; };
		C46C5D08229CC708000FEED7 /* Form.Overflow.swift */ = {isa = PBXFileReference; lastKnownFileType = sourcecode.swift; path = Form.Overflow.swift; sourceTree = "<group>"; };
		C46C5D0A229CC728000FEED7 /* Form.PositionType.swift */ = {isa = PBXFileReference; lastKnownFileType = sourcecode.swift; path = Form.PositionType.swift; sourceTree = "<group>"; };
		C46C5D0C229CC74F000FEED7 /* Form.FlexWrap.swift */ = {isa = PBXFileReference; lastKnownFileType = sourcecode.swift; path = Form.FlexWrap.swift; sourceTree = "<group>"; };
		C46C5D0E229CC794000FEED7 /* Form.Dimension.swift */ = {isa = PBXFileReference; lastKnownFileType = sourcecode.swift; path = Form.Dimension.swift; sourceTree = "<group>"; };
		C46C5D10229CC919000FEED7 /* Form.Dimension+Rect.swift */ = {isa = PBXFileReference; lastKnownFileType = sourcecode.swift; path = "Form.Dimension+Rect.swift"; sourceTree = "<group>"; };
		C46C5D12229CCA26000FEED7 /* Form.Dimension+Size.swift */ = {isa = PBXFileReference; lastKnownFileType = sourcecode.swift; path = "Form.Dimension+Size.swift"; sourceTree = "<group>"; };
		C46C5D14229CCA8D000FEED7 /* Form.Style.swift */ = {isa = PBXFileReference; lastKnownFileType = sourcecode.swift; path = Form.Style.swift; sourceTree = "<group>"; };
		C46C5D17229CCE29000FEED7 /* Form.Result.swift */ = {isa = PBXFileReference; lastKnownFileType = sourcecode.swift; path = Form.Result.swift; sourceTree = "<group>"; };
		C46C5D1A229CCEE2000FEED7 /* Form.Layout.swift */ = {isa = PBXFileReference; lastKnownFileType = sourcecode.swift; path = Form.Layout.swift; sourceTree = "<group>"; };
		C46C5D1C229CCF32000FEED7 /* Form.Cache.swift */ = {isa = PBXFileReference; lastKnownFileType = sourcecode.swift; path = Form.Cache.swift; sourceTree = "<group>"; };
		C46C5D21229CD12E000FEED7 /* Form.Function.swift */ = {isa = PBXFileReference; lastKnownFileType = sourcecode.swift; path = Form.Function.swift; sourceTree = "<group>"; };
		C46C5D23229CD18A000FEED7 /* Form.MeasureFunc.swift */ = {isa = PBXFileReference; lastKnownFileType = sourcecode.swift; path = Form.MeasureFunc.swift; sourceTree = "<group>"; };
		C46C5D25229CD2BD000FEED7 /* Form.Internal.Node.swift */ = {isa = PBXFileReference; lastKnownFileType = sourcecode.swift; path = Form.Internal.Node.swift; sourceTree = "<group>"; };
		C46C5D28229CD469000FEED7 /* Form.Weak.swift */ = {isa = PBXFileReference; lastKnownFileType = sourcecode.swift; path = Form.Weak.swift; sourceTree = "<group>"; };
		C46C5D2A229CD655000FEED7 /* Form.Node.swift */ = {isa = PBXFileReference; lastKnownFileType = sourcecode.swift; path = Form.Node.swift; sourceTree = "<group>"; };
		C46C5D2C229CE376000FEED7 /* Form.Box.swift */ = {isa = PBXFileReference; lastKnownFileType = sourcecode.swift; path = Form.Box.swift; sourceTree = "<group>"; };
		C46C5D2E229CED5C000FEED7 /* Form.Magma.swift */ = {isa = PBXFileReference; lastKnownFileType = sourcecode.swift; path = Form.Magma.swift; sourceTree = "<group>"; };
		C46C5D30229CED7B000FEED7 /* Form.Semigroup.swift */ = {isa = PBXFileReference; lastKnownFileType = sourcecode.swift; path = Form.Semigroup.swift; sourceTree = "<group>"; };
		C46C5D32229CED8B000FEED7 /* Form.Monoid.swift */ = {isa = PBXFileReference; lastKnownFileType = sourcecode.swift; path = Form.Monoid.swift; sourceTree = "<group>"; };
		C46C5D34229CEDCD000FEED7 /* Form.Magma.Operator.swift */ = {isa = PBXFileReference; lastKnownFileType = sourcecode.swift; path = Form.Magma.Operator.swift; sourceTree = "<group>"; };
		C46C5D36229D06F6000FEED7 /* Form.Compute.Result.swift */ = {isa = PBXFileReference; lastKnownFileType = sourcecode.swift; path = Form.Compute.Result.swift; sourceTree = "<group>"; };
		C46C5D38229D084A000FEED7 /* Form.Flex.Item.swift */ = {isa = PBXFileReference; lastKnownFileType = sourcecode.swift; path = Form.Flex.Item.swift; sourceTree = "<group>"; };
		C46C5D3A229D0935000FEED7 /* Form.Flex.Line.swift */ = {isa = PBXFileReference; lastKnownFileType = sourcecode.swift; path = Form.Flex.Line.swift; sourceTree = "<group>"; };
		C46C5D3C229D0965000FEED7 /* Form.Compute.swift */ = {isa = PBXFileReference; lastKnownFileType = sourcecode.swift; path = Form.Compute.swift; sourceTree = "<group>"; };
		C46C5D43229D2AFF000FEED7 /* Example.app */ = {isa = PBXFileReference; explicitFileType = wrapper.application; includeInIndex = 0; path = Example.app; sourceTree = BUILT_PRODUCTS_DIR; };
		C46C5D45229D2AFF000FEED7 /* AppDelegate.swift */ = {isa = PBXFileReference; lastKnownFileType = sourcecode.swift; path = AppDelegate.swift; sourceTree = "<group>"; };
		C46C5D47229D2AFF000FEED7 /* ViewController.swift */ = {isa = PBXFileReference; lastKnownFileType = sourcecode.swift; path = ViewController.swift; sourceTree = "<group>"; };
		C46C5D4A229D2AFF000FEED7 /* Base */ = {isa = PBXFileReference; lastKnownFileType = file.storyboard; name = Base; path = Base.lproj/Main.storyboard; sourceTree = "<group>"; };
		C46C5D4C229D2B01000FEED7 /* Assets.xcassets */ = {isa = PBXFileReference; lastKnownFileType = folder.assetcatalog; path = Assets.xcassets; sourceTree = "<group>"; };
		C46C5D4F229D2B01000FEED7 /* Base */ = {isa = PBXFileReference; lastKnownFileType = file.storyboard; name = Base; path = Base.lproj/LaunchScreen.storyboard; sourceTree = "<group>"; };
		C46C5D51229D2B01000FEED7 /* Info.plist */ = {isa = PBXFileReference; lastKnownFileType = text.plist.xml; path = Info.plist; sourceTree = "<group>"; };
		C46C5D58229D2D69000FEED7 /* Form.API.swift */ = {isa = PBXFileReference; lastKnownFileType = sourcecode.swift; path = Form.API.swift; sourceTree = "<group>"; };
/* End PBXFileReference section */

/* Begin PBXFrameworksBuildPhase section */
		C46C5CC22297A613000FEED7 /* Frameworks */ = {
			isa = PBXFrameworksBuildPhase;
			buildActionMask = 2147483647;
			files = (
			);
			runOnlyForDeploymentPostprocessing = 0;
		};
		C46C5D40229D2AFF000FEED7 /* Frameworks */ = {
			isa = PBXFrameworksBuildPhase;
			buildActionMask = 2147483647;
			files = (
			);
			runOnlyForDeploymentPostprocessing = 0;
		};
/* End PBXFrameworksBuildPhase section */

/* Begin PBXGroup section */
		C434F3F922A35C6800ADC2CF /* Utilities */ = {
			isa = PBXGroup;
			children = (
				C434F3FA22A35C7600ADC2CF /* Form.Wrapped.Sequence.swift */,
			);
			path = Utilities;
			sourceTree = "<group>";
		};
		C434F3FE22A3709800ADC2CF /* Operators */ = {
			isa = PBXGroup;
			children = (
				C46C5D34229CEDCD000FEED7 /* Form.Magma.Operator.swift */,
				C434F3FF22A370BD00ADC2CF /* Form.Number.Operator.swift */,
				C434F40522A49FF700ADC2CF /* Form.Float.Operator.swift */,
				C434F40122A370D300ADC2CF /* Form.MinMax.Operator.swift */,
			);
			path = Operators;
			sourceTree = "<group>";
		};
		C46C5CBB2297A613000FEED7 = {
			isa = PBXGroup;
			children = (
				C46C5D44229D2AFF000FEED7 /* Example */,
				C46C5CC72297A613000FEED7 /* Form */,
				C46C5CC62297A613000FEED7 /* Products */,
			);
			sourceTree = "<group>";
		};
		C46C5CC62297A613000FEED7 /* Products */ = {
			isa = PBXGroup;
			children = (
				C46C5CC52297A613000FEED7 /* Form.framework */,
				C46C5D43229D2AFF000FEED7 /* Example.app */,
			);
			name = Products;
			sourceTree = "<group>";
		};
		C46C5CC72297A613000FEED7 /* Form */ = {
			isa = PBXGroup;
			children = (
				C46C5CC92297A613000FEED7 /* Info.plist */,
				C46C5CC82297A613000FEED7 /* Form.h */,
				C46C5D57229D2D5B000FEED7 /* API */,
				C46C5D1E229CCF5D000FEED7 /* Algorithm */,
				C46C5D1F229CCF73000FEED7 /* Node */,
				C46C5D16229CCE1A000FEED7 /* Result */,
				C46C5D19229CCEDB000FEED7 /* Layout */,
				C46C5CF9229CC536000FEED7 /* Style */,
				C46C5CF2229CC1B1000FEED7 /* Geometry */,
				C46C5CF1229CC19E000FEED7 /* Number */,
				C434F3FE22A3709800ADC2CF /* Operators */,
				C46C5D20229CD120000FEED7 /* Algebriac */,
				C434F3F922A35C6800ADC2CF /* Utilities */,
				C46C5D27229CD45F000FEED7 /* Weak */,
				C46C5D3E229D27F3000FEED7 /* Extensions */,
			);
			path = Form;
			sourceTree = "<group>";
		};
		C46C5CF1229CC19E000FEED7 /* Number */ = {
			isa = PBXGroup;
			children = (
				C46C5CE5229CB736000FEED7 /* Form.Number.swift */,
				C46C5CE7229CBC29000FEED7 /* Form.OrElse.swift */,
				C46C5CE9229CBC44000FEED7 /* Form.Numbered.swift */,
				C46C5CEB229CBC54000FEED7 /* Form.WithDefaultValue.swift */,
				C46C5CED229CBC6F000FEED7 /* Form.MinMax.swift */,
				C46C5CEF229CBF91000FEED7 /* Form.Operation.swift */,
			);
			path = Number;
			sourceTree = "<group>";
		};
		C46C5CF2229CC1B1000FEED7 /* Geometry */ = {
			isa = PBXGroup;
			children = (
				C46C5CF3229CC1C8000FEED7 /* Form.Rect.swift */,
				C46C5CF5229CC2BB000FEED7 /* Form.Size.swift */,
				C46C5CF7229CC3C4000FEED7 /* Form.Point.swift */,
			);
			path = Geometry;
			sourceTree = "<group>";
		};
		C46C5CF9229CC536000FEED7 /* Style */ = {
			isa = PBXGroup;
			children = (
				C46C5CFA229CC548000FEED7 /* Form.AlignItems.swift */,
				C46C5CFC229CC589000FEED7 /* Form.AlignSelf.swift */,
				C46C5CFE229CC5B7000FEED7 /* Form.AlignContent.swift */,
				C46C5D00229CC5DF000FEED7 /* Form.Direction.swift */,
				C46C5D02229CC62A000FEED7 /* Form.Display.swift */,
				C46C5D04229CC666000FEED7 /* Form.FlexDirection.swift */,
				C46C5D06229CC6D5000FEED7 /* Form.JustifyContent.swift */,
				C46C5D08229CC708000FEED7 /* Form.Overflow.swift */,
				C46C5D0A229CC728000FEED7 /* Form.PositionType.swift */,
				C46C5D0C229CC74F000FEED7 /* Form.FlexWrap.swift */,
				C46C5D0E229CC794000FEED7 /* Form.Dimension.swift */,
				C46C5D10229CC919000FEED7 /* Form.Dimension+Rect.swift */,
				C46C5D12229CCA26000FEED7 /* Form.Dimension+Size.swift */,
				C46C5D14229CCA8D000FEED7 /* Form.Style.swift */,
			);
			path = Style;
			sourceTree = "<group>";
		};
		C46C5D16229CCE1A000FEED7 /* Result */ = {
			isa = PBXGroup;
			children = (
				C46C5D17229CCE29000FEED7 /* Form.Result.swift */,
			);
			path = Result;
			sourceTree = "<group>";
		};
		C46C5D19229CCEDB000FEED7 /* Layout */ = {
			isa = PBXGroup;
			children = (
				C46C5D1A229CCEE2000FEED7 /* Form.Layout.swift */,
				C46C5D1C229CCF32000FEED7 /* Form.Cache.swift */,
			);
			path = Layout;
			sourceTree = "<group>";
		};
		C46C5D1E229CCF5D000FEED7 /* Algorithm */ = {
			isa = PBXGroup;
			children = (
				C46C5D36229D06F6000FEED7 /* Form.Compute.Result.swift */,
				C46C5D38229D084A000FEED7 /* Form.Flex.Item.swift */,
				C46C5D3A229D0935000FEED7 /* Form.Flex.Line.swift */,
				C46C5D3C229D0965000FEED7 /* Form.Compute.swift */,
			);
			path = Algorithm;
			sourceTree = "<group>";
		};
		C46C5D1F229CCF73000FEED7 /* Node */ = {
			isa = PBXGroup;
			children = (
				C46C5D23229CD18A000FEED7 /* Form.MeasureFunc.swift */,
				C46C5D25229CD2BD000FEED7 /* Form.Internal.Node.swift */,
				C46C5D2A229CD655000FEED7 /* Form.Node.swift */,
			);
			path = Node;
			sourceTree = "<group>";
		};
		C46C5D20229CD120000FEED7 /* Algebriac */ = {
			isa = PBXGroup;
			children = (
				C46C5D21229CD12E000FEED7 /* Form.Function.swift */,
				C46C5D2E229CED5C000FEED7 /* Form.Magma.swift */,
				C46C5D30229CED7B000FEED7 /* Form.Semigroup.swift */,
				C46C5D32229CED8B000FEED7 /* Form.Monoid.swift */,
			);
			path = Algebriac;
			sourceTree = "<group>";
		};
		C46C5D27229CD45F000FEED7 /* Weak */ = {
			isa = PBXGroup;
			children = (
				C46C5D28229CD469000FEED7 /* Form.Weak.swift */,
				C46C5D2C229CE376000FEED7 /* Form.Box.swift */,
			);
			path = Weak;
			sourceTree = "<group>";
		};
		C46C5D3E229D27F3000FEED7 /* Extensions */ = {
			isa = PBXGroup;
			children = (
				C46C5CDF2297B1AF000FEED7 /* Form.Float+Extensions.swift */,
				C434F3FC22A369DE00ADC2CF /* Form.Array+Extensions.swift */,
				C434F40322A46BF800ADC2CF /* Form.Sequence+Extensions.swift */,
			);
			path = Extensions;
			sourceTree = "<group>";
		};
		C46C5D44229D2AFF000FEED7 /* Example */ = {
			isa = PBXGroup;
			children = (
				C46C5D45229D2AFF000FEED7 /* AppDelegate.swift */,
				C46C5D47229D2AFF000FEED7 /* ViewController.swift */,
				C46C5D49229D2AFF000FEED7 /* Main.storyboard */,
				C46C5D4C229D2B01000FEED7 /* Assets.xcassets */,
				C46C5D4E229D2B01000FEED7 /* LaunchScreen.storyboard */,
				C46C5D51229D2B01000FEED7 /* Info.plist */,
			);
			path = Example;
			sourceTree = "<group>";
		};
		C46C5D57229D2D5B000FEED7 /* API */ = {
			isa = PBXGroup;
			children = (
				C46C5D58229D2D69000FEED7 /* Form.API.swift */,
			);
			path = API;
			sourceTree = "<group>";
		};
/* End PBXGroup section */

/* Begin PBXHeadersBuildPhase section */
		C46C5CC02297A613000FEED7 /* Headers */ = {
			isa = PBXHeadersBuildPhase;
			buildActionMask = 2147483647;
			files = (
				C46C5CCA2297A613000FEED7 /* Form.h in Headers */,
			);
			runOnlyForDeploymentPostprocessing = 0;
		};
/* End PBXHeadersBuildPhase section */

/* Begin PBXNativeTarget section */
		C46C5CC42297A613000FEED7 /* Form */ = {
			isa = PBXNativeTarget;
			buildConfigurationList = C46C5CCD2297A613000FEED7 /* Build configuration list for PBXNativeTarget "Form" */;
			buildPhases = (
				C46C5CC02297A613000FEED7 /* Headers */,
				C46C5CC12297A613000FEED7 /* Sources */,
				C46C5CC22297A613000FEED7 /* Frameworks */,
				C46C5CC32297A613000FEED7 /* Resources */,
			);
			buildRules = (
			);
			dependencies = (
			);
			name = Form;
			productName = Form;
			productReference = C46C5CC52297A613000FEED7 /* Form.framework */;
			productType = "com.apple.product-type.framework";
		};
		C46C5D42229D2AFF000FEED7 /* Example */ = {
			isa = PBXNativeTarget;
			buildConfigurationList = C46C5D52229D2B01000FEED7 /* Build configuration list for PBXNativeTarget "Example" */;
			buildPhases = (
				C46C5D3F229D2AFF000FEED7 /* Sources */,
				C46C5D40229D2AFF000FEED7 /* Frameworks */,
				C46C5D41229D2AFF000FEED7 /* Resources */,
			);
			buildRules = (
			);
			dependencies = (
				C46C5D56229D2B1C000FEED7 /* PBXTargetDependency */,
			);
			name = Example;
			productName = Example;
			productReference = C46C5D43229D2AFF000FEED7 /* Example.app */;
			productType = "com.apple.product-type.application";
		};
/* End PBXNativeTarget section */

/* Begin PBXProject section */
		C46C5CBC2297A613000FEED7 /* Project object */ = {
			isa = PBXProject;
			attributes = {
				LastSwiftUpdateCheck = 1020;
				LastUpgradeCheck = 1020;
				ORGANIZATIONNAME = flow;
				TargetAttributes = {
					C46C5CC42297A613000FEED7 = {
						CreatedOnToolsVersion = 10.2.1;
						LastSwiftMigration = 1020;
					};
					C46C5D42229D2AFF000FEED7 = {
						CreatedOnToolsVersion = 10.2.1;
					};
				};
			};
			buildConfigurationList = C46C5CBF2297A613000FEED7 /* Build configuration list for PBXProject "Form" */;
			compatibilityVersion = "Xcode 9.3";
			developmentRegion = en;
			hasScannedForEncodings = 0;
			knownRegions = (
				en,
				Base,
			);
			mainGroup = C46C5CBB2297A613000FEED7;
			productRefGroup = C46C5CC62297A613000FEED7 /* Products */;
			projectDirPath = "";
			projectRoot = "";
			targets = (
				C46C5D42229D2AFF000FEED7 /* Example */,
				C46C5CC42297A613000FEED7 /* Form */,
			);
		};
/* End PBXProject section */

/* Begin PBXResourcesBuildPhase section */
		C46C5CC32297A613000FEED7 /* Resources */ = {
			isa = PBXResourcesBuildPhase;
			buildActionMask = 2147483647;
			files = (
			);
			runOnlyForDeploymentPostprocessing = 0;
		};
		C46C5D41229D2AFF000FEED7 /* Resources */ = {
			isa = PBXResourcesBuildPhase;
			buildActionMask = 2147483647;
			files = (
				C46C5D50229D2B01000FEED7 /* LaunchScreen.storyboard in Resources */,
				C46C5D4D229D2B01000FEED7 /* Assets.xcassets in Resources */,
				C46C5D4B229D2AFF000FEED7 /* Main.storyboard in Resources */,
			);
			runOnlyForDeploymentPostprocessing = 0;
		};
/* End PBXResourcesBuildPhase section */

/* Begin PBXSourcesBuildPhase section */
		C46C5CC12297A613000FEED7 /* Sources */ = {
			isa = PBXSourcesBuildPhase;
			buildActionMask = 2147483647;
			files = (
				C46C5D22229CD12E000FEED7 /* Form.Function.swift in Sources */,
				C434F40222A370D300ADC2CF /* Form.MinMax.Operator.swift in Sources */,
				C46C5D01229CC5DF000FEED7 /* Form.Direction.swift in Sources */,
				C46C5D1B229CCEE2000FEED7 /* Form.Layout.swift in Sources */,
				C46C5D33229CED8B000FEED7 /* Form.Monoid.swift in Sources */,
				C46C5D11229CC919000FEED7 /* Form.Dimension+Rect.swift in Sources */,
				C46C5D3D229D0965000FEED7 /* Form.Compute.swift in Sources */,
				C434F3FD22A369DE00ADC2CF /* Form.Array+Extensions.swift in Sources */,
				C46C5CE02297B1AF000FEED7 /* Form.Float+Extensions.swift in Sources */,
				C46C5D15229CCA8D000FEED7 /* Form.Style.swift in Sources */,
				C46C5CFB229CC548000FEED7 /* Form.AlignItems.swift in Sources */,
				C46C5D24229CD18A000FEED7 /* Form.MeasureFunc.swift in Sources */,
				C46C5CF0229CBF91000FEED7 /* Form.Operation.swift in Sources */,
				C46C5D2B229CD655000FEED7 /* Form.Node.swift in Sources */,
				C46C5D13229CCA26000FEED7 /* Form.Dimension+Size.swift in Sources */,
				C434F3FB22A35C7600ADC2CF /* Form.Wrapped.Sequence.swift in Sources */,
				C46C5CFD229CC589000FEED7 /* Form.AlignSelf.swift in Sources */,
				C46C5D3B229D0935000FEED7 /* Form.Flex.Line.swift in Sources */,
				C46C5D29229CD469000FEED7 /* Form.Weak.swift in Sources */,
				C46C5D37229D06F6000FEED7 /* Form.Compute.Result.swift in Sources */,
				C46C5CEE229CBC6F000FEED7 /* Form.MinMax.swift in Sources */,
				C46C5D18229CCE29000FEED7 /* Form.Result.swift in Sources */,
				C434F40622A49FF700ADC2CF /* Form.Float.Operator.swift in Sources */,
				C46C5D03229CC62A000FEED7 /* Form.Display.swift in Sources */,
				C46C5D31229CED7B000FEED7 /* Form.Semigroup.swift in Sources */,
				C46C5CFF229CC5B7000FEED7 /* Form.AlignContent.swift in Sources */,
				C46C5D07229CC6D5000FEED7 /* Form.JustifyContent.swift in Sources */,
				C46C5CF6229CC2BB000FEED7 /* Form.Size.swift in Sources */,
				C46C5D2F229CED5C000FEED7 /* Form.Magma.swift in Sources */,
				C46C5CE6229CB736000FEED7 /* Form.Number.swift in Sources */,
				C46C5D0F229CC794000FEED7 /* Form.Dimension.swift in Sources */,
				C46C5D0D229CC74F000FEED7 /* Form.FlexWrap.swift in Sources */,
				C46C5CEC229CBC54000FEED7 /* Form.WithDefaultValue.swift in Sources */,
				C434F40022A370BD00ADC2CF /* Form.Number.Operator.swift in Sources */,
				C46C5CF4229CC1C8000FEED7 /* Form.Rect.swift in Sources */,
				C46C5CE8229CBC29000FEED7 /* Form.OrElse.swift in Sources */,
				C46C5D39229D084A000FEED7 /* Form.Flex.Item.swift in Sources */,
				C46C5D0B229CC728000FEED7 /* Form.PositionType.swift in Sources */,
				C46C5D09229CC708000FEED7 /* Form.Overflow.swift in Sources */,
				C46C5D35229CEDCD000FEED7 /* Form.Magma.Operator.swift in Sources */,
				C46C5D59229D2D69000FEED7 /* Form.API.swift in Sources */,
				C46C5D1D229CCF32000FEED7 /* Form.Cache.swift in Sources */,
				C46C5D05229CC666000FEED7 /* Form.FlexDirection.swift in Sources */,
				C46C5CF8229CC3C4000FEED7 /* Form.Point.swift in Sources */,
				C434F40422A46BF800ADC2CF /* Form.Sequence+Extensions.swift in Sources */,
				C46C5D2D229CE376000FEED7 /* Form.Box.swift in Sources */,
				C46C5D26229CD2BD000FEED7 /* Form.Internal.Node.swift in Sources */,
				C46C5CEA229CBC44000FEED7 /* Form.Numbered.swift in Sources */,
			);
			runOnlyForDeploymentPostprocessing = 0;
		};
		C46C5D3F229D2AFF000FEED7 /* Sources */ = {
			isa = PBXSourcesBuildPhase;
			buildActionMask = 2147483647;
			files = (
				C46C5D48229D2AFF000FEED7 /* ViewController.swift in Sources */,
				C46C5D46229D2AFF000FEED7 /* AppDelegate.swift in Sources */,
			);
			runOnlyForDeploymentPostprocessing = 0;
		};
/* End PBXSourcesBuildPhase section */

/* Begin PBXTargetDependency section */
		C46C5D56229D2B1C000FEED7 /* PBXTargetDependency */ = {
			isa = PBXTargetDependency;
			target = C46C5CC42297A613000FEED7 /* Form */;
			targetProxy = C46C5D55229D2B1C000FEED7 /* PBXContainerItemProxy */;
		};
/* End PBXTargetDependency section */

/* Begin PBXVariantGroup section */
		C46C5D49229D2AFF000FEED7 /* Main.storyboard */ = {
			isa = PBXVariantGroup;
			children = (
				C46C5D4A229D2AFF000FEED7 /* Base */,
			);
			name = Main.storyboard;
			sourceTree = "<group>";
		};
		C46C5D4E229D2B01000FEED7 /* LaunchScreen.storyboard */ = {
			isa = PBXVariantGroup;
			children = (
				C46C5D4F229D2B01000FEED7 /* Base */,
			);
			name = LaunchScreen.storyboard;
			sourceTree = "<group>";
		};
/* End PBXVariantGroup section */

/* Begin XCBuildConfiguration section */
		C46C5CCB2297A613000FEED7 /* Debug */ = {
			isa = XCBuildConfiguration;
			buildSettings = {
				ALWAYS_SEARCH_USER_PATHS = NO;
				CLANG_ANALYZER_NONNULL = YES;
				CLANG_ANALYZER_NUMBER_OBJECT_CONVERSION = YES_AGGRESSIVE;
				CLANG_CXX_LANGUAGE_STANDARD = "gnu++14";
				CLANG_CXX_LIBRARY = "libc++";
				CLANG_ENABLE_MODULES = YES;
				CLANG_ENABLE_OBJC_ARC = YES;
				CLANG_ENABLE_OBJC_WEAK = YES;
				CLANG_WARN_BLOCK_CAPTURE_AUTORELEASING = YES;
				CLANG_WARN_BOOL_CONVERSION = YES;
				CLANG_WARN_COMMA = YES;
				CLANG_WARN_CONSTANT_CONVERSION = YES;
				CLANG_WARN_DEPRECATED_OBJC_IMPLEMENTATIONS = YES;
				CLANG_WARN_DIRECT_OBJC_ISA_USAGE = YES_ERROR;
				CLANG_WARN_DOCUMENTATION_COMMENTS = YES;
				CLANG_WARN_EMPTY_BODY = YES;
				CLANG_WARN_ENUM_CONVERSION = YES;
				CLANG_WARN_INFINITE_RECURSION = YES;
				CLANG_WARN_INT_CONVERSION = YES;
				CLANG_WARN_NON_LITERAL_NULL_CONVERSION = YES;
				CLANG_WARN_OBJC_IMPLICIT_RETAIN_SELF = YES;
				CLANG_WARN_OBJC_LITERAL_CONVERSION = YES;
				CLANG_WARN_OBJC_ROOT_CLASS = YES_ERROR;
				CLANG_WARN_RANGE_LOOP_ANALYSIS = YES;
				CLANG_WARN_STRICT_PROTOTYPES = YES;
				CLANG_WARN_SUSPICIOUS_MOVE = YES;
				CLANG_WARN_UNGUARDED_AVAILABILITY = YES_AGGRESSIVE;
				CLANG_WARN_UNREACHABLE_CODE = YES;
				CLANG_WARN__DUPLICATE_METHOD_MATCH = YES;
				CODE_SIGN_IDENTITY = "iPhone Developer";
				COPY_PHASE_STRIP = NO;
				CURRENT_PROJECT_VERSION = 1;
				DEBUG_INFORMATION_FORMAT = dwarf;
				ENABLE_STRICT_OBJC_MSGSEND = YES;
				ENABLE_TESTABILITY = YES;
				GCC_C_LANGUAGE_STANDARD = gnu11;
				GCC_DYNAMIC_NO_PIC = NO;
				GCC_NO_COMMON_BLOCKS = YES;
				GCC_OPTIMIZATION_LEVEL = 0;
				GCC_PREPROCESSOR_DEFINITIONS = (
					"DEBUG=1",
					"$(inherited)",
				);
				GCC_WARN_64_TO_32_BIT_CONVERSION = YES;
				GCC_WARN_ABOUT_RETURN_TYPE = YES_ERROR;
				GCC_WARN_UNDECLARED_SELECTOR = YES;
				GCC_WARN_UNINITIALIZED_AUTOS = YES_AGGRESSIVE;
				GCC_WARN_UNUSED_FUNCTION = YES;
				GCC_WARN_UNUSED_VARIABLE = YES;
				IPHONEOS_DEPLOYMENT_TARGET = 12.2;
				MTL_ENABLE_DEBUG_INFO = INCLUDE_SOURCE;
				MTL_FAST_MATH = YES;
				ONLY_ACTIVE_ARCH = YES;
				SDKROOT = iphoneos;
				SWIFT_ACTIVE_COMPILATION_CONDITIONS = DEBUG;
				SWIFT_OPTIMIZATION_LEVEL = "-Onone";
				VERSIONING_SYSTEM = "apple-generic";
				VERSION_INFO_PREFIX = "";
			};
			name = Debug;
		};
		C46C5CCC2297A613000FEED7 /* Release */ = {
			isa = XCBuildConfiguration;
			buildSettings = {
				ALWAYS_SEARCH_USER_PATHS = NO;
				CLANG_ANALYZER_NONNULL = YES;
				CLANG_ANALYZER_NUMBER_OBJECT_CONVERSION = YES_AGGRESSIVE;
				CLANG_CXX_LANGUAGE_STANDARD = "gnu++14";
				CLANG_CXX_LIBRARY = "libc++";
				CLANG_ENABLE_MODULES = YES;
				CLANG_ENABLE_OBJC_ARC = YES;
				CLANG_ENABLE_OBJC_WEAK = YES;
				CLANG_WARN_BLOCK_CAPTURE_AUTORELEASING = YES;
				CLANG_WARN_BOOL_CONVERSION = YES;
				CLANG_WARN_COMMA = YES;
				CLANG_WARN_CONSTANT_CONVERSION = YES;
				CLANG_WARN_DEPRECATED_OBJC_IMPLEMENTATIONS = YES;
				CLANG_WARN_DIRECT_OBJC_ISA_USAGE = YES_ERROR;
				CLANG_WARN_DOCUMENTATION_COMMENTS = YES;
				CLANG_WARN_EMPTY_BODY = YES;
				CLANG_WARN_ENUM_CONVERSION = YES;
				CLANG_WARN_INFINITE_RECURSION = YES;
				CLANG_WARN_INT_CONVERSION = YES;
				CLANG_WARN_NON_LITERAL_NULL_CONVERSION = YES;
				CLANG_WARN_OBJC_IMPLICIT_RETAIN_SELF = YES;
				CLANG_WARN_OBJC_LITERAL_CONVERSION = YES;
				CLANG_WARN_OBJC_ROOT_CLASS = YES_ERROR;
				CLANG_WARN_RANGE_LOOP_ANALYSIS = YES;
				CLANG_WARN_STRICT_PROTOTYPES = YES;
				CLANG_WARN_SUSPICIOUS_MOVE = YES;
				CLANG_WARN_UNGUARDED_AVAILABILITY = YES_AGGRESSIVE;
				CLANG_WARN_UNREACHABLE_CODE = YES;
				CLANG_WARN__DUPLICATE_METHOD_MATCH = YES;
				CODE_SIGN_IDENTITY = "iPhone Developer";
				COPY_PHASE_STRIP = NO;
				CURRENT_PROJECT_VERSION = 1;
				DEBUG_INFORMATION_FORMAT = "dwarf-with-dsym";
				ENABLE_NS_ASSERTIONS = NO;
				ENABLE_STRICT_OBJC_MSGSEND = YES;
				GCC_C_LANGUAGE_STANDARD = gnu11;
				GCC_NO_COMMON_BLOCKS = YES;
				GCC_WARN_64_TO_32_BIT_CONVERSION = YES;
				GCC_WARN_ABOUT_RETURN_TYPE = YES_ERROR;
				GCC_WARN_UNDECLARED_SELECTOR = YES;
				GCC_WARN_UNINITIALIZED_AUTOS = YES_AGGRESSIVE;
				GCC_WARN_UNUSED_FUNCTION = YES;
				GCC_WARN_UNUSED_VARIABLE = YES;
				IPHONEOS_DEPLOYMENT_TARGET = 12.2;
				MTL_ENABLE_DEBUG_INFO = NO;
				MTL_FAST_MATH = YES;
				SDKROOT = iphoneos;
				SWIFT_COMPILATION_MODE = wholemodule;
				SWIFT_OPTIMIZATION_LEVEL = "-O";
				VALIDATE_PRODUCT = YES;
				VERSIONING_SYSTEM = "apple-generic";
				VERSION_INFO_PREFIX = "";
			};
			name = Release;
		};
		C46C5CCE2297A613000FEED7 /* Debug */ = {
			isa = XCBuildConfiguration;
			buildSettings = {
				CLANG_ENABLE_MODULES = YES;
				CODE_SIGN_IDENTITY = "";
				CODE_SIGN_STYLE = Automatic;
				DEFINES_MODULE = YES;
				DEVELOPMENT_TEAM = EVL2DEPTTR;
				DYLIB_COMPATIBILITY_VERSION = 1;
				DYLIB_CURRENT_VERSION = 1;
				DYLIB_INSTALL_NAME_BASE = "@rpath";
				INFOPLIST_FILE = Form/Info.plist;
				INSTALL_PATH = "$(LOCAL_LIBRARY_DIR)/Frameworks";
				IPHONEOS_DEPLOYMENT_TARGET = 10.0;
				LD_RUNPATH_SEARCH_PATHS = (
					"$(inherited)",
					"@executable_path/Frameworks",
					"@loader_path/Frameworks",
				);
				MACH_O_TYPE = staticlib;
				PRODUCT_BUNDLE_IDENTIFIER = com.flow.Form;
				PRODUCT_NAME = "$(TARGET_NAME:c99extidentifier)";
				SKIP_INSTALL = YES;
				SWIFT_OPTIMIZATION_LEVEL = "-Onone";
				SWIFT_VERSION = 5.0;
				TARGETED_DEVICE_FAMILY = "1,2";
			};
			name = Debug;
		};
		C46C5CCF2297A613000FEED7 /* Release */ = {
			isa = XCBuildConfiguration;
			buildSettings = {
				CLANG_ENABLE_MODULES = YES;
				CODE_SIGN_IDENTITY = "";
				CODE_SIGN_STYLE = Automatic;
				DEFINES_MODULE = YES;
				DEVELOPMENT_TEAM = EVL2DEPTTR;
				DYLIB_COMPATIBILITY_VERSION = 1;
				DYLIB_CURRENT_VERSION = 1;
				DYLIB_INSTALL_NAME_BASE = "@rpath";
				INFOPLIST_FILE = Form/Info.plist;
				INSTALL_PATH = "$(LOCAL_LIBRARY_DIR)/Frameworks";
				IPHONEOS_DEPLOYMENT_TARGET = 10.0;
				LD_RUNPATH_SEARCH_PATHS = (
					"$(inherited)",
					"@executable_path/Frameworks",
					"@loader_path/Frameworks",
				);
				MACH_O_TYPE = staticlib;
				PRODUCT_BUNDLE_IDENTIFIER = com.flow.Form;
				PRODUCT_NAME = "$(TARGET_NAME:c99extidentifier)";
				SKIP_INSTALL = YES;
				SWIFT_VERSION = 5.0;
				TARGETED_DEVICE_FAMILY = "1,2";
			};
			name = Release;
		};
		C46C5D53229D2B01000FEED7 /* Debug */ = {
			isa = XCBuildConfiguration;
			buildSettings = {
				ASSETCATALOG_COMPILER_APPICON_NAME = AppIcon;
				CODE_SIGN_STYLE = Automatic;
				DEVELOPMENT_TEAM = EVL2DEPTTR;
				INFOPLIST_FILE = Example/Info.plist;
				IPHONEOS_DEPLOYMENT_TARGET = 10.0;
				LD_RUNPATH_SEARCH_PATHS = (
					"$(inherited)",
					"@executable_path/Frameworks",
				);
				PRODUCT_BUNDLE_IDENTIFIER = com.flow.Example;
				PRODUCT_NAME = "$(TARGET_NAME)";
				SWIFT_VERSION = 5.0;
				TARGETED_DEVICE_FAMILY = "1,2";
			};
			name = Debug;
		};
		C46C5D54229D2B01000FEED7 /* Release */ = {
			isa = XCBuildConfiguration;
			buildSettings = {
				ASSETCATALOG_COMPILER_APPICON_NAME = AppIcon;
				CODE_SIGN_STYLE = Automatic;
				DEVELOPMENT_TEAM = EVL2DEPTTR;
				INFOPLIST_FILE = Example/Info.plist;
				IPHONEOS_DEPLOYMENT_TARGET = 10.0;
				LD_RUNPATH_SEARCH_PATHS = (
					"$(inherited)",
					"@executable_path/Frameworks",
				);
				PRODUCT_BUNDLE_IDENTIFIER = com.flow.Example;
				PRODUCT_NAME = "$(TARGET_NAME)";
				SWIFT_VERSION = 5.0;
				TARGETED_DEVICE_FAMILY = "1,2";
			};
			name = Release;
		};
/* End XCBuildConfiguration section */

/* Begin XCConfigurationList section */
		C46C5CBF2297A613000FEED7 /* Build configuration list for PBXProject "Form" */ = {
			isa = XCConfigurationList;
			buildConfigurations = (
				C46C5CCB2297A613000FEED7 /* Debug */,
				C46C5CCC2297A613000FEED7 /* Release */,
			);
			defaultConfigurationIsVisible = 0;
			defaultConfigurationName = Release;
		};
		C46C5CCD2297A613000FEED7 /* Build configuration list for PBXNativeTarget "Form" */ = {
			isa = XCConfigurationList;
			buildConfigurations = (
				C46C5CCE2297A613000FEED7 /* Debug */,
				C46C5CCF2297A613000FEED7 /* Release */,
			);
			defaultConfigurationIsVisible = 0;
			defaultConfigurationName = Release;
		};
		C46C5D52229D2B01000FEED7 /* Build configuration list for PBXNativeTarget "Example" */ = {
			isa = XCConfigurationList;
			buildConfigurations = (
				C46C5D53229D2B01000FEED7 /* Debug */,
				C46C5D54229D2B01000FEED7 /* Release */,
			);
			defaultConfigurationIsVisible = 0;
			defaultConfigurationName = Release;
		};
/* End XCConfigurationList section */
	};
	rootObject = C46C5CBC2297A613000FEED7 /* Project object */;
}
